// !$*UTF8*$!
{
	archiveVersion = 1;
	classes = {
	};
	objectVersion = 50;
	objects = {

/* Begin PBXBuildFile section */
		453EB5E321DA762E00313543 /* AppDelegate.swift in Sources */ = {isa = PBXBuildFile; fileRef = 453EB5E221DA762E00313543 /* AppDelegate.swift */; };
		453EB5E521DA762E00313543 /* Scene.sks in Resources */ = {isa = PBXBuildFile; fileRef = 453EB5E421DA762E00313543 /* Scene.sks */; };
		453EB5E721DA762E00313543 /* CommentedScene.swift in Sources */ = {isa = PBXBuildFile; fileRef = 453EB5E621DA762E00313543 /* CommentedScene.swift */; };
		453EB5E921DA762E00313543 /* CommentedViewController.swift in Sources */ = {isa = PBXBuildFile; fileRef = 453EB5E821DA762E00313543 /* CommentedViewController.swift */; };
		453EB5EC21DA762E00313543 /* Main.storyboard in Resources */ = {isa = PBXBuildFile; fileRef = 453EB5EA21DA762E00313543 /* Main.storyboard */; };
		453EB5EE21DA762F00313543 /* Assets.xcassets in Resources */ = {isa = PBXBuildFile; fileRef = 453EB5ED21DA762F00313543 /* Assets.xcassets */; };
		453EB5F121DA762F00313543 /* LaunchScreen.storyboard in Resources */ = {isa = PBXBuildFile; fileRef = 453EB5EF21DA762F00313543 /* LaunchScreen.storyboard */; };
		453EB5FC21DA763000313543 /* PokemonARTests.swift in Sources */ = {isa = PBXBuildFile; fileRef = 453EB5FB21DA763000313543 /* PokemonARTests.swift */; };
		453EB60721DA763000313543 /* PokemonARUITests.swift in Sources */ = {isa = PBXBuildFile; fileRef = 453EB60621DA763000313543 /* PokemonARUITests.swift */; };
		45A3A40421DCDE7800F0A4C5 /* Scene.swift in Sources */ = {isa = PBXBuildFile; fileRef = 45A3A40321DCDE7800F0A4C5 /* Scene.swift */; };
		45A3A40721DCDF6800F0A4C5 /* ViewController.swift in Sources */ = {isa = PBXBuildFile; fileRef = 45A3A40621DCDF6800F0A4C5 /* ViewController.swift */; };
		45ACF53521DF66A5006D4935 /* QuickDeath.mp3 in Resources */ = {isa = PBXBuildFile; fileRef = 45ACF53421DF66A5006D4935 /* QuickDeath.mp3 */; };
/* End PBXBuildFile section */

/* Begin PBXContainerItemProxy section */
		453EB5F821DA763000313543 /* PBXContainerItemProxy */ = {
			isa = PBXContainerItemProxy;
			containerPortal = 453EB5D721DA762E00313543 /* Project object */;
			proxyType = 1;
			remoteGlobalIDString = 453EB5DE21DA762E00313543;
			remoteInfo = PokemonAR;
		};
		453EB60321DA763000313543 /* PBXContainerItemProxy */ = {
			isa = PBXContainerItemProxy;
			containerPortal = 453EB5D721DA762E00313543 /* Project object */;
			proxyType = 1;
			remoteGlobalIDString = 453EB5DE21DA762E00313543;
			remoteInfo = PokemonAR;
		};
/* End PBXContainerItemProxy section */

/* Begin PBXFileReference section */
		453EB5DF21DA762E00313543 /* PokemonAR.app */ = {isa = PBXFileReference; explicitFileType = wrapper.application; includeInIndex = 0; path = PokemonAR.app; sourceTree = BUILT_PRODUCTS_DIR; };
		453EB5E221DA762E00313543 /* AppDelegate.swift */ = {isa = PBXFileReference; lastKnownFileType = sourcecode.swift; path = AppDelegate.swift; sourceTree = "<group>"; };
		453EB5E421DA762E00313543 /* Scene.sks */ = {isa = PBXFileReference; lastKnownFileType = file.sks; path = Scene.sks; sourceTree = "<group>"; };
		453EB5E621DA762E00313543 /* CommentedScene.swift */ = {isa = PBXFileReference; lastKnownFileType = sourcecode.swift; path = CommentedScene.swift; sourceTree = "<group>"; };
		453EB5E821DA762E00313543 /* CommentedViewController.swift */ = {isa = PBXFileReference; lastKnownFileType = sourcecode.swift; path = CommentedViewController.swift; sourceTree = "<group>"; };
		453EB5EB21DA762E00313543 /* Base */ = {isa = PBXFileReference; lastKnownFileType = file.storyboard; name = Base; path = Base.lproj/Main.storyboard; sourceTree = "<group>"; };
		453EB5ED21DA762F00313543 /* Assets.xcassets */ = {isa = PBXFileReference; lastKnownFileType = folder.assetcatalog; path = Assets.xcassets; sourceTree = "<group>"; };
		453EB5F021DA762F00313543 /* Base */ = {isa = PBXFileReference; lastKnownFileType = file.storyboard; name = Base; path = Base.lproj/LaunchScreen.storyboard; sourceTree = "<group>"; };
		453EB5F221DA762F00313543 /* Info.plist */ = {isa = PBXFileReference; lastKnownFileType = text.plist.xml; path = Info.plist; sourceTree = "<group>"; };
		453EB5F721DA763000313543 /* PokemonARTests.xctest */ = {isa = PBXFileReference; explicitFileType = wrapper.cfbundle; includeInIndex = 0; path = PokemonARTests.xctest; sourceTree = BUILT_PRODUCTS_DIR; };
		453EB5FB21DA763000313543 /* PokemonARTests.swift */ = {isa = PBXFileReference; lastKnownFileType = sourcecode.swift; path = PokemonARTests.swift; sourceTree = "<group>"; };
		453EB5FD21DA763000313543 /* Info.plist */ = {isa = PBXFileReference; lastKnownFileType = text.plist.xml; path = Info.plist; sourceTree = "<group>"; };
		453EB60221DA763000313543 /* PokemonARUITests.xctest */ = {isa = PBXFileReference; explicitFileType = wrapper.cfbundle; includeInIndex = 0; path = PokemonARUITests.xctest; sourceTree = BUILT_PRODUCTS_DIR; };
		453EB60621DA763000313543 /* PokemonARUITests.swift */ = {isa = PBXFileReference; lastKnownFileType = sourcecode.swift; path = PokemonARUITests.swift; sourceTree = "<group>"; };
		453EB60821DA763000313543 /* Info.plist */ = {isa = PBXFileReference; lastKnownFileType = text.plist.xml; path = Info.plist; sourceTree = "<group>"; };
		45A3A40321DCDE7800F0A4C5 /* Scene.swift */ = {isa = PBXFileReference; lastKnownFileType = sourcecode.swift; path = Scene.swift; sourceTree = "<group>"; };
		45A3A40621DCDF6800F0A4C5 /* ViewController.swift */ = {isa = PBXFileReference; lastKnownFileType = sourcecode.swift; path = ViewController.swift; sourceTree = "<group>"; };
		45ACF53421DF66A5006D4935 /* QuickDeath.mp3 */ = {isa = PBXFileReference; lastKnownFileType = audio.mp3; path = QuickDeath.mp3; sourceTree = "<group>"; };
/* End PBXFileReference section */

/* Begin PBXFrameworksBuildPhase section */
		453EB5DC21DA762E00313543 /* Frameworks */ = {
			isa = PBXFrameworksBuildPhase;
			buildActionMask = 2147483647;
			files = (
			);
			runOnlyForDeploymentPostprocessing = 0;
		};
		453EB5F421DA763000313543 /* Frameworks */ = {
			isa = PBXFrameworksBuildPhase;
			buildActionMask = 2147483647;
			files = (
			);
			runOnlyForDeploymentPostprocessing = 0;
		};
		453EB5FF21DA763000313543 /* Frameworks */ = {
			isa = PBXFrameworksBuildPhase;
			buildActionMask = 2147483647;
			files = (
			);
			runOnlyForDeploymentPostprocessing = 0;
		};
/* End PBXFrameworksBuildPhase section */

/* Begin PBXGroup section */
		453EB5D621DA762E00313543 = {
			isa = PBXGroup;
			children = (
				453EB5E121DA762E00313543 /* PokemonAR */,
				453EB5FA21DA763000313543 /* PokemonARTests */,
				453EB60521DA763000313543 /* PokemonARUITests */,
				453EB5E021DA762E00313543 /* Products */,
			);
			sourceTree = "<group>";
		};
		453EB5E021DA762E00313543 /* Products */ = {
			isa = PBXGroup;
			children = (
				453EB5DF21DA762E00313543 /* PokemonAR.app */,
				453EB5F721DA763000313543 /* PokemonARTests.xctest */,
				453EB60221DA763000313543 /* PokemonARUITests.xctest */,
			);
			name = Products;
			sourceTree = "<group>";
		};
		453EB5E121DA762E00313543 /* PokemonAR */ = {
			isa = PBXGroup;
			children = (
				45ACF53221DF6677006D4935 /* Resourses */,
				453EB5E221DA762E00313543 /* AppDelegate.swift */,
				453EB5E421DA762E00313543 /* Scene.sks */,
				45A3A40321DCDE7800F0A4C5 /* Scene.swift */,
				45A3A40621DCDF6800F0A4C5 /* ViewController.swift */,
				45A3A40521DCDF2F00F0A4C5 /* CommentedCodeForLearning */,
				453EB5EA21DA762E00313543 /* Main.storyboard */,
				453EB5EF21DA762F00313543 /* LaunchScreen.storyboard */,
				453EB5F221DA762F00313543 /* Info.plist */,
			);
			path = PokemonAR;
			sourceTree = "<group>";
		};
		453EB5FA21DA763000313543 /* PokemonARTests */ = {
			isa = PBXGroup;
			children = (
				453EB5FB21DA763000313543 /* PokemonARTests.swift */,
				453EB5FD21DA763000313543 /* Info.plist */,
			);
			path = PokemonARTests;
			sourceTree = "<group>";
		};
		453EB60521DA763000313543 /* PokemonARUITests */ = {
			isa = PBXGroup;
			children = (
				453EB60621DA763000313543 /* PokemonARUITests.swift */,
				453EB60821DA763000313543 /* Info.plist */,
			);
			path = PokemonARUITests;
			sourceTree = "<group>";
		};
		45A3A40521DCDF2F00F0A4C5 /* CommentedCodeForLearning */ = {
			isa = PBXGroup;
			children = (
				453EB5E621DA762E00313543 /* CommentedScene.swift */,
				453EB5E821DA762E00313543 /* CommentedViewController.swift */,
			);
			path = CommentedCodeForLearning;
			sourceTree = "<group>";
		};
		45ACF53221DF6677006D4935 /* Resourses */ = {
			isa = PBXGroup;
			children = (
				45ACF53321DF668C006D4935 /* Audio */,
				453EB5ED21DA762F00313543 /* Assets.xcassets */,
			);
			path = Resourses;
			sourceTree = "<group>";
		};
		45ACF53321DF668C006D4935 /* Audio */ = {
			isa = PBXGroup;
			children = (
				45ACF53421DF66A5006D4935 /* QuickDeath.mp3 */,
			);
			path = Audio;
			sourceTree = "<group>";
		};
/* End PBXGroup section */

/* Begin PBXNativeTarget section */
		453EB5DE21DA762E00313543 /* PokemonAR */ = {
			isa = PBXNativeTarget;
			buildConfigurationList = 453EB60B21DA763000313543 /* Build configuration list for PBXNativeTarget "PokemonAR" */;
			buildPhases = (
				453EB5DB21DA762E00313543 /* Sources */,
				453EB5DC21DA762E00313543 /* Frameworks */,
				453EB5DD21DA762E00313543 /* Resources */,
			);
			buildRules = (
			);
			dependencies = (
			);
			name = PokemonAR;
			productName = PokemonAR;
			productReference = 453EB5DF21DA762E00313543 /* PokemonAR.app */;
			productType = "com.apple.product-type.application";
		};
		453EB5F621DA763000313543 /* PokemonARTests */ = {
			isa = PBXNativeTarget;
			buildConfigurationList = 453EB60E21DA763000313543 /* Build configuration list for PBXNativeTarget "PokemonARTests" */;
			buildPhases = (
				453EB5F321DA763000313543 /* Sources */,
				453EB5F421DA763000313543 /* Frameworks */,
				453EB5F521DA763000313543 /* Resources */,
			);
			buildRules = (
			);
			dependencies = (
				453EB5F921DA763000313543 /* PBXTargetDependency */,
			);
			name = PokemonARTests;
			productName = PokemonARTests;
			productReference = 453EB5F721DA763000313543 /* PokemonARTests.xctest */;
			productType = "com.apple.product-type.bundle.unit-test";
		};
		453EB60121DA763000313543 /* PokemonARUITests */ = {
			isa = PBXNativeTarget;
			buildConfigurationList = 453EB61121DA763000313543 /* Build configuration list for PBXNativeTarget "PokemonARUITests" */;
			buildPhases = (
				453EB5FE21DA763000313543 /* Sources */,
				453EB5FF21DA763000313543 /* Frameworks */,
				453EB60021DA763000313543 /* Resources */,
			);
			buildRules = (
			);
			dependencies = (
				453EB60421DA763000313543 /* PBXTargetDependency */,
			);
			name = PokemonARUITests;
			productName = PokemonARUITests;
			productReference = 453EB60221DA763000313543 /* PokemonARUITests.xctest */;
			productType = "com.apple.product-type.bundle.ui-testing";
		};
/* End PBXNativeTarget section */

/* Begin PBXProject section */
		453EB5D721DA762E00313543 /* Project object */ = {
			isa = PBXProject;
			attributes = {
				LastSwiftUpdateCheck = 1010;
				LastUpgradeCheck = 1010;
				ORGANIZATIONNAME = "De La Cruz, Eduardo";
				TargetAttributes = {
					453EB5DE21DA762E00313543 = {
						CreatedOnToolsVersion = 10.1;
					};
					453EB5F621DA763000313543 = {
						CreatedOnToolsVersion = 10.1;
						TestTargetID = 453EB5DE21DA762E00313543;
					};
					453EB60121DA763000313543 = {
						CreatedOnToolsVersion = 10.1;
						TestTargetID = 453EB5DE21DA762E00313543;
					};
				};
			};
			buildConfigurationList = 453EB5DA21DA762E00313543 /* Build configuration list for PBXProject "PokemonAR" */;
			compatibilityVersion = "Xcode 9.3";
			developmentRegion = en;
			hasScannedForEncodings = 0;
			knownRegions = (
				en,
				Base,
			);
			mainGroup = 453EB5D621DA762E00313543;
			productRefGroup = 453EB5E021DA762E00313543 /* Products */;
			projectDirPath = "";
			projectRoot = "";
			targets = (
				453EB5DE21DA762E00313543 /* PokemonAR */,
				453EB5F621DA763000313543 /* PokemonARTests */,
				453EB60121DA763000313543 /* PokemonARUITests */,
			);
		};
/* End PBXProject section */

/* Begin PBXResourcesBuildPhase section */
		453EB5DD21DA762E00313543 /* Resources */ = {
			isa = PBXResourcesBuildPhase;
			buildActionMask = 2147483647;
			files = (
				45ACF53521DF66A5006D4935 /* QuickDeath.mp3 in Resources */,
				453EB5E521DA762E00313543 /* Scene.sks in Resources */,
				453EB5F121DA762F00313543 /* LaunchScreen.storyboard in Resources */,
				453EB5EE21DA762F00313543 /* Assets.xcassets in Resources */,
				453EB5EC21DA762E00313543 /* Main.storyboard in Resources */,
			);
			runOnlyForDeploymentPostprocessing = 0;
		};
		453EB5F521DA763000313543 /* Resources */ = {
			isa = PBXResourcesBuildPhase;
			buildActionMask = 2147483647;
			files = (
			);
			runOnlyForDeploymentPostprocessing = 0;
		};
		453EB60021DA763000313543 /* Resources */ = {
			isa = PBXResourcesBuildPhase;
			buildActionMask = 2147483647;
			files = (
			);
			runOnlyForDeploymentPostprocessing = 0;
		};
/* End PBXResourcesBuildPhase section */

/* Begin PBXSourcesBuildPhase section */
		453EB5DB21DA762E00313543 /* Sources */ = {
			isa = PBXSourcesBuildPhase;
			buildActionMask = 2147483647;
			files = (
				45A3A40721DCDF6800F0A4C5 /* ViewController.swift in Sources */,
				45A3A40421DCDE7800F0A4C5 /* Scene.swift in Sources */,
				453EB5E921DA762E00313543 /* CommentedViewController.swift in Sources */,
				453EB5E721DA762E00313543 /* CommentedScene.swift in Sources */,
				453EB5E321DA762E00313543 /* AppDelegate.swift in Sources */,
			);
			runOnlyForDeploymentPostprocessing = 0;
		};
		453EB5F321DA763000313543 /* Sources */ = {
			isa = PBXSourcesBuildPhase;
			buildActionMask = 2147483647;
			files = (
				453EB5FC21DA763000313543 /* PokemonARTests.swift in Sources */,
			);
			runOnlyForDeploymentPostprocessing = 0;
		};
		453EB5FE21DA763000313543 /* Sources */ = {
			isa = PBXSourcesBuildPhase;
			buildActionMask = 2147483647;
			files = (
				453EB60721DA763000313543 /* PokemonARUITests.swift in Sources */,
			);
			runOnlyForDeploymentPostprocessing = 0;
		};
/* End PBXSourcesBuildPhase section */

/* Begin PBXTargetDependency section */
		453EB5F921DA763000313543 /* PBXTargetDependency */ = {
			isa = PBXTargetDependency;
			target = 453EB5DE21DA762E00313543 /* PokemonAR */;
			targetProxy = 453EB5F821DA763000313543 /* PBXContainerItemProxy */;
		};
		453EB60421DA763000313543 /* PBXTargetDependency */ = {
			isa = PBXTargetDependency;
			target = 453EB5DE21DA762E00313543 /* PokemonAR */;
			targetProxy = 453EB60321DA763000313543 /* PBXContainerItemProxy */;
		};
/* End PBXTargetDependency section */

/* Begin PBXVariantGroup section */
		453EB5EA21DA762E00313543 /* Main.storyboard */ = {
			isa = PBXVariantGroup;
			children = (
				453EB5EB21DA762E00313543 /* Base */,
			);
			name = Main.storyboard;
			sourceTree = "<group>";
		};
		453EB5EF21DA762F00313543 /* LaunchScreen.storyboard */ = {
			isa = PBXVariantGroup;
			children = (
				453EB5F021DA762F00313543 /* Base */,
			);
			name = LaunchScreen.storyboard;
			sourceTree = "<group>";
		};
/* End PBXVariantGroup section */

/* Begin XCBuildConfiguration section */
		453EB60921DA763000313543 /* Debug */ = {
			isa = XCBuildConfiguration;
			buildSettings = {
				ALWAYS_SEARCH_USER_PATHS = NO;
				CLANG_ANALYZER_NONNULL = YES;
				CLANG_ANALYZER_NUMBER_OBJECT_CONVERSION = YES_AGGRESSIVE;
				CLANG_CXX_LANGUAGE_STANDARD = "gnu++14";
				CLANG_CXX_LIBRARY = "libc++";
				CLANG_ENABLE_MODULES = YES;
				CLANG_ENABLE_OBJC_ARC = YES;
				CLANG_ENABLE_OBJC_WEAK = YES;
				CLANG_WARN_BLOCK_CAPTURE_AUTORELEASING = YES;
				CLANG_WARN_BOOL_CONVERSION = YES;
				CLANG_WARN_COMMA = YES;
				CLANG_WARN_CONSTANT_CONVERSION = YES;
				CLANG_WARN_DEPRECATED_OBJC_IMPLEMENTATIONS = YES;
				CLANG_WARN_DIRECT_OBJC_ISA_USAGE = YES_ERROR;
				CLANG_WARN_DOCUMENTATION_COMMENTS = YES;
				CLANG_WARN_EMPTY_BODY = YES;
				CLANG_WARN_ENUM_CONVERSION = YES;
				CLANG_WARN_INFINITE_RECURSION = YES;
				CLANG_WARN_INT_CONVERSION = YES;
				CLANG_WARN_NON_LITERAL_NULL_CONVERSION = YES;
				CLANG_WARN_OBJC_IMPLICIT_RETAIN_SELF = YES;
				CLANG_WARN_OBJC_LITERAL_CONVERSION = YES;
				CLANG_WARN_OBJC_ROOT_CLASS = YES_ERROR;
				CLANG_WARN_RANGE_LOOP_ANALYSIS = YES;
				CLANG_WARN_STRICT_PROTOTYPES = YES;
				CLANG_WARN_SUSPICIOUS_MOVE = YES;
				CLANG_WARN_UNGUARDED_AVAILABILITY = YES_AGGRESSIVE;
				CLANG_WARN_UNREACHABLE_CODE = YES;
				CLANG_WARN__DUPLICATE_METHOD_MATCH = YES;
				CODE_SIGN_IDENTITY = "iPhone Developer";
				COPY_PHASE_STRIP = NO;
				DEBUG_INFORMATION_FORMAT = dwarf;
				ENABLE_STRICT_OBJC_MSGSEND = YES;
				ENABLE_TESTABILITY = YES;
				GCC_C_LANGUAGE_STANDARD = gnu11;
				GCC_DYNAMIC_NO_PIC = NO;
				GCC_NO_COMMON_BLOCKS = YES;
				GCC_OPTIMIZATION_LEVEL = 0;
				GCC_PREPROCESSOR_DEFINITIONS = (
					"DEBUG=1",
					"$(inherited)",
				);
				GCC_WARN_64_TO_32_BIT_CONVERSION = YES;
				GCC_WARN_ABOUT_RETURN_TYPE = YES_ERROR;
				GCC_WARN_UNDECLARED_SELECTOR = YES;
				GCC_WARN_UNINITIALIZED_AUTOS = YES_AGGRESSIVE;
				GCC_WARN_UNUSED_FUNCTION = YES;
				GCC_WARN_UNUSED_VARIABLE = YES;
				IPHONEOS_DEPLOYMENT_TARGET = 12.1;
				MTL_ENABLE_DEBUG_INFO = INCLUDE_SOURCE;
				MTL_FAST_MATH = YES;
				ONLY_ACTIVE_ARCH = YES;
				SDKROOT = iphoneos;
				SWIFT_ACTIVE_COMPILATION_CONDITIONS = DEBUG;
				SWIFT_OPTIMIZATION_LEVEL = "-Onone";
			};
			name = Debug;
		};
		453EB60A21DA763000313543 /* Release */ = {
			isa = XCBuildConfiguration;
			buildSettings = {
				ALWAYS_SEARCH_USER_PATHS = NO;
				CLANG_ANALYZER_NONNULL = YES;
				CLANG_ANALYZER_NUMBER_OBJECT_CONVERSION = YES_AGGRESSIVE;
				CLANG_CXX_LANGUAGE_STANDARD = "gnu++14";
				CLANG_CXX_LIBRARY = "libc++";
				CLANG_ENABLE_MODULES = YES;
				CLANG_ENABLE_OBJC_ARC = YES;
				CLANG_ENABLE_OBJC_WEAK = YES;
				CLANG_WARN_BLOCK_CAPTURE_AUTORELEASING = YES;
				CLANG_WARN_BOOL_CONVERSION = YES;
				CLANG_WARN_COMMA = YES;
				CLANG_WARN_CONSTANT_CONVERSION = YES;
				CLANG_WARN_DEPRECATED_OBJC_IMPLEMENTATIONS = YES;
				CLANG_WARN_DIRECT_OBJC_ISA_USAGE = YES_ERROR;
				CLANG_WARN_DOCUMENTATION_COMMENTS = YES;
				CLANG_WARN_EMPTY_BODY = YES;
				CLANG_WARN_ENUM_CONVERSION = YES;
				CLANG_WARN_INFINITE_RECURSION = YES;
				CLANG_WARN_INT_CONVERSION = YES;
				CLANG_WARN_NON_LITERAL_NULL_CONVERSION = YES;
				CLANG_WARN_OBJC_IMPLICIT_RETAIN_SELF = YES;
				CLANG_WARN_OBJC_LITERAL_CONVERSION = YES;
				CLANG_WARN_OBJC_ROOT_CLASS = YES_ERROR;
				CLANG_WARN_RANGE_LOOP_ANALYSIS = YES;
				CLANG_WARN_STRICT_PROTOTYPES = YES;
				CLANG_WARN_SUSPICIOUS_MOVE = YES;
				CLANG_WARN_UNGUARDED_AVAILABILITY = YES_AGGRESSIVE;
				CLANG_WARN_UNREACHABLE_CODE = YES;
				CLANG_WARN__DUPLICATE_METHOD_MATCH = YES;
				CODE_SIGN_IDENTITY = "iPhone Developer";
				COPY_PHASE_STRIP = NO;
				DEBUG_INFORMATION_FORMAT = "dwarf-with-dsym";
				ENABLE_NS_ASSERTIONS = NO;
				ENABLE_STRICT_OBJC_MSGSEND = YES;
				GCC_C_LANGUAGE_STANDARD = gnu11;
				GCC_NO_COMMON_BLOCKS = YES;
				GCC_WARN_64_TO_32_BIT_CONVERSION = YES;
				GCC_WARN_ABOUT_RETURN_TYPE = YES_ERROR;
				GCC_WARN_UNDECLARED_SELECTOR = YES;
				GCC_WARN_UNINITIALIZED_AUTOS = YES_AGGRESSIVE;
				GCC_WARN_UNUSED_FUNCTION = YES;
				GCC_WARN_UNUSED_VARIABLE = YES;
				IPHONEOS_DEPLOYMENT_TARGET = 12.1;
				MTL_ENABLE_DEBUG_INFO = NO;
				MTL_FAST_MATH = YES;
				SDKROOT = iphoneos;
				SWIFT_COMPILATION_MODE = wholemodule;
				SWIFT_OPTIMIZATION_LEVEL = "-O";
				VALIDATE_PRODUCT = YES;
			};
			name = Release;
		};
		453EB60C21DA763000313543 /* Debug */ = {
			isa = XCBuildConfiguration;
			buildSettings = {
				ASSETCATALOG_COMPILER_APPICON_NAME = AppIcon;
				CODE_SIGN_STYLE = Automatic;
				DEVELOPMENT_TEAM = 273FZ5G5B8;
				INFOPLIST_FILE = PokemonAR/Info.plist;
				LD_RUNPATH_SEARCH_PATHS = (
					"$(inherited)",
					"@executable_path/Frameworks",
				);
				PRODUCT_BUNDLE_IDENTIFIER = eduardodelacruz.PokemonAR;
				PRODUCT_NAME = "$(TARGET_NAME)";
				SWIFT_VERSION = 4.2;
				TARGETED_DEVICE_FAMILY = "1,2";
			};
			name = Debug;
		};
		453EB60D21DA763000313543 /* Release */ = {
			isa = XCBuildConfiguration;
			buildSettings = {
				ASSETCATALOG_COMPILER_APPICON_NAME = AppIcon;
				CODE_SIGN_STYLE = Automatic;
				DEVELOPMENT_TEAM = 273FZ5G5B8;
				INFOPLIST_FILE = PokemonAR/Info.plist;
				LD_RUNPATH_SEARCH_PATHS = (
					"$(inherited)",
					"@executable_path/Frameworks",
				);
				PRODUCT_BUNDLE_IDENTIFIER = eduardodelacruz.PokemonAR;
				PRODUCT_NAME = "$(TARGET_NAME)";
				SWIFT_VERSION = 4.2;
				TARGETED_DEVICE_FAMILY = "1,2";
			};
			name = Release;
		};
		453EB60F21DA763000313543 /* Debug */ = {
			isa = XCBuildConfiguration;
			buildSettings = {
				ALWAYS_EMBED_SWIFT_STANDARD_LIBRARIES = YES;
				BUNDLE_LOADER = "$(TEST_HOST)";
				CODE_SIGN_STYLE = Automatic;
				DEVELOPMENT_TEAM = 63JNZL9NHF;
				INFOPLIST_FILE = PokemonARTests/Info.plist;
				LD_RUNPATH_SEARCH_PATHS = (
					"$(inherited)",
					"@executable_path/Frameworks",
					"@loader_path/Frameworks",
				);
				PRODUCT_BUNDLE_IDENTIFIER = eduardodelacruz.PokemonARTests;
				PRODUCT_NAME = "$(TARGET_NAME)";
				SWIFT_VERSION = 4.2;
				TARGETED_DEVICE_FAMILY = "1,2";
				TEST_HOST = "$(BUILT_PRODUCTS_DIR)/PokemonAR.app/PokemonAR";
			};
			name = Debug;
		};
		453EB61021DA763000313543 /* Release */ = {
			isa = XCBuildConfiguration;
			buildSettings = {
				ALWAYS_EMBED_SWIFT_STANDARD_LIBRARIES = YES;
				BUNDLE_LOADER = "$(TEST_HOST)";
				CODE_SIGN_STYLE = Automatic;
				DEVELOPMENT_TEAM = 63JNZL9NHF;
				INFOPLIST_FILE = PokemonARTests/Info.plist;
				LD_RUNPATH_SEARCH_PATHS = (
					"$(inherited)",
					"@executable_path/Frameworks",
					"@loader_path/Frameworks",
				);
				PRODUCT_BUNDLE_IDENTIFIER = eduardodelacruz.PokemonARTests;
				PRODUCT_NAME = "$(TARGET_NAME)";
				SWIFT_VERSION = 4.2;
				TARGETED_DEVICE_FAMILY = "1,2";
				TEST_HOST = "$(BUILT_PRODUCTS_DIR)/PokemonAR.app/PokemonAR";
			};
			name = Release;
		};
		453EB61221DA763000313543 /* Debug */ = {
			isa = XCBuildConfiguration;
			buildSettings = {
				ALWAYS_EMBED_SWIFT_STANDARD_LIBRARIES = YES;
				CODE_SIGN_STYLE = Automatic;
				DEVELOPMENT_TEAM = 63JNZL9NHF;
				INFOPLIST_FILE = PokemonARUITests/Info.plist;
				LD_RUNPATH_SEARCH_PATHS = (
					"$(inherited)",
					"@executable_path/Frameworks",
					"@loader_path/Frameworks",
				);
				PRODUCT_BUNDLE_IDENTIFIER = eduardodelacruz.PokemonARUITests;
				PRODUCT_NAME = "$(TARGET_NAME)";
				SWIFT_VERSION = 4.2;
				TARGETED_DEVICE_FAMILY = "1,2";
				TEST_TARGET_NAME = PokemonAR;
			};
			name = Debug;
		};
		453EB61321DA763000313543 /* Release */ = {
			isa = XCBuildConfiguration;
			buildSettings = {
				ALWAYS_EMBED_SWIFT_STANDARD_LIBRARIES = YES;
				CODE_SIGN_STYLE = Automatic;
				DEVELOPMENT_TEAM = 63JNZL9NHF;
				INFOPLIST_FILE = PokemonARUITests/Info.plist;
				LD_RUNPATH_SEARCH_PATHS = (
					"$(inherited)",
					"@executable_path/Frameworks",
					"@loader_path/Frameworks",
				);
				PRODUCT_BUNDLE_IDENTIFIER = eduardodelacruz.PokemonARUITests;
				PRODUCT_NAME = "$(TARGET_NAME)";
				SWIFT_VERSION = 4.2;
				TARGETED_DEVICE_FAMILY = "1,2";
				TEST_TARGET_NAME = PokemonAR;
			};
			name = Release;
		};
/* End XCBuildConfiguration section */

/* Begin XCConfigurationList section */
		453EB5DA21DA762E00313543 /* Build configuration list for PBXProject "PokemonAR" */ = {
			isa = XCConfigurationList;
			buildConfigurations = (
				453EB60921DA763000313543 /* Debug */,
				453EB60A21DA763000313543 /* Release */,
			);
			defaultConfigurationIsVisible = 0;
			defaultConfigurationName = Release;
		};
		453EB60B21DA763000313543 /* Build configuration list for PBXNativeTarget "PokemonAR" */ = {
			isa = XCConfigurationList;
			buildConfigurations = (
				453EB60C21DA763000313543 /* Debug */,
				453EB60D21DA763000313543 /* Release */,
			);
			defaultConfigurationIsVisible = 0;
			defaultConfigurationName = Release;
		};
		453EB60E21DA763000313543 /* Build configuration list for PBXNativeTarget "PokemonARTests" */ = {
			isa = XCConfigurationList;
			buildConfigurations = (
				453EB60F21DA763000313543 /* Debug */,
				453EB61021DA763000313543 /* Release */,
			);
			defaultConfigurationIsVisible = 0;
			defaultConfigurationName = Release;
		};
		453EB61121DA763000313543 /* Build configuration list for PBXNativeTarget "PokemonARUITests" */ = {
			isa = XCConfigurationList;
			buildConfigurations = (
				453EB61221DA763000313543 /* Debug */,
				453EB61321DA763000313543 /* Release */,
			);
			defaultConfigurationIsVisible = 0;
			defaultConfigurationName = Release;
		};
/* End XCConfigurationList section */
	};
	rootObject = 453EB5D721DA762E00313543 /* Project object */;
}
